
Microsoft Visual Studio Solution File, Format Version 12.00
# Visual Studio Version 17
VisualStudioVersion = 17.0.31903.59
MinimumVisualStudioVersion = 10.0.40219.1
Project("{FAE04EC0-301F-11D3-BF4B-00C04F79EFBC}") = "MissionSplat.App", "MissionSplat.App\MissionSplat.App.csproj", "{0A66983F-A2C8-4496-82E6-644039A8B3FB}"
EndProject
Project("{FAE04EC0-301F-11D3-BF4B-00C04F79EFBC}") = "MissionSplat.App.Tests", "MissionSplat.App.Tests\MissionSplat.App.Tests.csproj", "{C2198152-FD77-45F8-AEEF-C4E8910CC4E8}"
EndProject
Project("{FAE04EC0-301F-11D3-BF4B-00C04F79EFBC}") = "MissionSplat.Rules", "..\rules\MissionSplat.Rules\MissionSplat.Rules.csproj", "{DC28F790-0F18-4E8A-A210-A03ED91E9D8A}"
EndProject
Global
	GlobalSection(SolutionConfigurationPlatforms) = preSolution
		Debug|Any CPU = Debug|Any CPU
		Debug|x64 = Debug|x64
		Debug|x86 = Debug|x86
		Release|Any CPU = Release|Any CPU
		Release|x64 = Release|x64
		Release|x86 = Release|x86
	EndGlobalSection
	GlobalSection(ProjectConfigurationPlatforms) = postSolution
		{0A66983F-A2C8-4496-82E6-644039A8B3FB}.Debug|Any CPU.ActiveCfg = Debug|Any CPU
		{0A66983F-A2C8-4496-82E6-644039A8B3FB}.Debug|Any CPU.Build.0 = Debug|Any CPU
		{0A66983F-A2C8-4496-82E6-644039A8B3FB}.Debug|x64.ActiveCfg = Debug|Any CPU
		{0A66983F-A2C8-4496-82E6-644039A8B3FB}.Debug|x64.Build.0 = Debug|Any CPU
		{0A66983F-A2C8-4496-82E6-644039A8B3FB}.Debug|x86.ActiveCfg = Debug|Any CPU
		{0A66983F-A2C8-4496-82E6-644039A8B3FB}.Debug|x86.Build.0 = Debug|Any CPU
		{0A66983F-A2C8-4496-82E6-644039A8B3FB}.Release|Any CPU.ActiveCfg = Release|Any CPU
		{0A66983F-A2C8-4496-82E6-644039A8B3FB}.Release|Any CPU.Build.0 = Release|Any CPU
		{0A66983F-A2C8-4496-82E6-644039A8B3FB}.Release|x64.ActiveCfg = Release|Any CPU
		{0A66983F-A2C8-4496-82E6-644039A8B3FB}.Release|x64.Build.0 = Release|Any CPU
		{0A66983F-A2C8-4496-82E6-644039A8B3FB}.Release|x86.ActiveCfg = Release|Any CPU
		{0A66983F-A2C8-4496-82E6-644039A8B3FB}.Release|x86.Build.0 = Release|Any CPU
		{C2198152-FD77-45F8-AEEF-C4E8910CC4E8}.Debug|Any CPU.ActiveCfg = Debug|Any CPU
		{C2198152-FD77-45F8-AEEF-C4E8910CC4E8}.Debug|Any CPU.Build.0 = Debug|Any CPU
		{C2198152-FD77-45F8-AEEF-C4E8910CC4E8}.Debug|x64.ActiveCfg = Debug|Any CPU
		{C2198152-FD77-45F8-AEEF-C4E8910CC4E8}.Debug|x64.Build.0 = Debug|Any CPU
		{C2198152-FD77-45F8-AEEF-C4E8910CC4E8}.Debug|x86.ActiveCfg = Debug|Any CPU
		{C2198152-FD77-45F8-AEEF-C4E8910CC4E8}.Debug|x86.Build.0 = Debug|Any CPU
		{C2198152-FD77-45F8-AEEF-C4E8910CC4E8}.Release|Any CPU.ActiveCfg = Release|Any CPU
		{C2198152-FD77-45F8-AEEF-C4E8910CC4E8}.Release|Any CPU.Build.0 = Release|Any CPU
		{C2198152-FD77-45F8-AEEF-C4E8910CC4E8}.Release|x64.ActiveCfg = Release|Any CPU
		{C2198152-FD77-45F8-AEEF-C4E8910CC4E8}.Release|x64.Build.0 = Release|Any CPU
		{C2198152-FD77-45F8-AEEF-C4E8910CC4E8}.Release|x86.ActiveCfg = Release|Any CPU
		{C2198152-FD77-45F8-AEEF-C4E8910CC4E8}.Release|x86.Build.0 = Release|Any CPU
		{DC28F790-0F18-4E8A-A210-A03ED91E9D8A}.Debug|Any CPU.ActiveCfg = Debug|Any CPU
		{DC28F790-0F18-4E8A-A210-A03ED91E9D8A}.Debug|Any CPU.Build.0 = Debug|Any CPU
		{DC28F790-0F18-4E8A-A210-A03ED91E9D8A}.Debug|x64.ActiveCfg = Debug|Any CPU
		{DC28F790-0F18-4E8A-A210-A03ED91E9D8A}.Debug|x64.Build.0 = Debug|Any CPU
		{DC28F790-0F18-4E8A-A210-A03ED91E9D8A}.Debug|x86.ActiveCfg = Debug|Any CPU
		{DC28F790-0F18-4E8A-A210-A03ED91E9D8A}.Debug|x86.Build.0 = Debug|Any CPU
		{DC28F790-0F18-4E8A-A210-A03ED91E9D8A}.Release|Any CPU.ActiveCfg = Release|Any CPU
		{DC28F790-0F18-4E8A-A210-A03ED91E9D8A}.Release|Any CPU.Build.0 = Release|Any CPU
		{DC28F790-0F18-4E8A-A210-A03ED91E9D8A}.Release|x64.ActiveCfg = Release|Any CPU
		{DC28F790-0F18-4E8A-A210-A03ED91E9D8A}.Release|x64.Build.0 = Release|Any CPU
		{DC28F790-0F18-4E8A-A210-A03ED91E9D8A}.Release|x86.ActiveCfg = Release|Any CPU
		{DC28F790-0F18-4E8A-A210-A03ED91E9D8A}.Release|x86.Build.0 = Release|Any CPU
	EndGlobalSection
	GlobalSection(SolutionProperties) = preSolution
		HideSolutionNode = FALSE
	EndGlobalSection
EndGlobal
