
Microsoft Visual Studio Solution File, Format Version 12.00
# Visual Studio Version 17
VisualStudioVersion = 17.0.31903.59
MinimumVisualStudioVersion = 10.0.40219.1
Project("{FAE04EC0-301F-11D3-BF4B-00C04F79EFBC}") = "MissionSplat.Rules", "MissionSplat.Rules\MissionSplat.Rules.csproj", "{F1AE8B50-DCC1-4AFE-AB94-8278E23876A6}"
EndProject
Project("{FAE04EC0-301F-11D3-BF4B-00C04F79EFBC}") = "MissionSplat.Rules.Tests", "MissionSplat.Rules.Tests\MissionSplat.Rules.Tests.csproj", "{C77AD245-66E9-4A36-A555-C53ABDF6DC9C}"
EndProject
Global
	GlobalSection(SolutionConfigurationPlatforms) = preSolution
		Debug|Any CPU = Debug|Any CPU
		Debug|x64 = Debug|x64
		Debug|x86 = Debug|x86
		Release|Any CPU = Release|Any CPU
		Release|x64 = Release|x64
		Release|x86 = Release|x86
	EndGlobalSection
	GlobalSection(ProjectConfigurationPlatforms) = postSolution
		{F1AE8B50-DCC1-4AFE-AB94-8278E23876A6}.Debug|Any CPU.ActiveCfg = Debug|Any CPU
		{F1AE8B50-DCC1-4AFE-AB94-8278E23876A6}.Debug|Any CPU.Build.0 = Debug|Any CPU
		{F1AE8B50-DCC1-4AFE-AB94-8278E23876A6}.Debug|x64.ActiveCfg = Debug|Any CPU
		{F1AE8B50-DCC1-4AFE-AB94-8278E23876A6}.Debug|x64.Build.0 = Debug|Any CPU
		{F1AE8B50-DCC1-4AFE-AB94-8278E23876A6}.Debug|x86.ActiveCfg = Debug|Any CPU
		{F1AE8B50-DCC1-4AFE-AB94-8278E23876A6}.Debug|x86.Build.0 = Debug|Any CPU
		{F1AE8B50-DCC1-4AFE-AB94-8278E23876A6}.Release|Any CPU.ActiveCfg = Release|Any CPU
		{F1AE8B50-DCC1-4AFE-AB94-8278E23876A6}.Release|Any CPU.Build.0 = Release|Any CPU
		{F1AE8B50-DCC1-4AFE-AB94-8278E23876A6}.Release|x64.ActiveCfg = Release|Any CPU
		{F1AE8B50-DCC1-4AFE-AB94-8278E23876A6}.Release|x64.Build.0 = Release|Any CPU
		{F1AE8B50-DCC1-4AFE-AB94-8278E23876A6}.Release|x86.ActiveCfg = Release|Any CPU
		{F1AE8B50-DCC1-4AFE-AB94-8278E23876A6}.Release|x86.Build.0 = Release|Any CPU
		{C77AD245-66E9-4A36-A555-C53ABDF6DC9C}.Debug|Any CPU.ActiveCfg = Debug|Any CPU
		{C77AD245-66E9-4A36-A555-C53ABDF6DC9C}.Debug|Any CPU.Build.0 = Debug|Any CPU
		{C77AD245-66E9-4A36-A555-C53ABDF6DC9C}.Debug|x64.ActiveCfg = Debug|Any CPU
		{C77AD245-66E9-4A36-A555-C53ABDF6DC9C}.Debug|x64.Build.0 = Debug|Any CPU
		{C77AD245-66E9-4A36-A555-C53ABDF6DC9C}.Debug|x86.ActiveCfg = Debug|Any CPU
		{C77AD245-66E9-4A36-A555-C53ABDF6DC9C}.Debug|x86.Build.0 = Debug|Any CPU
		{C77AD245-66E9-4A36-A555-C53ABDF6DC9C}.Release|Any CPU.ActiveCfg = Release|Any CPU
		{C77AD245-66E9-4A36-A555-C53ABDF6DC9C}.Release|Any CPU.Build.0 = Release|Any CPU
		{C77AD245-66E9-4A36-A555-C53ABDF6DC9C}.Release|x64.ActiveCfg = Release|Any CPU
		{C77AD245-66E9-4A36-A555-C53ABDF6DC9C}.Release|x64.Build.0 = Release|Any CPU
		{C77AD245-66E9-4A36-A555-C53ABDF6DC9C}.Release|x86.ActiveCfg = Release|Any CPU
		{C77AD245-66E9-4A36-A555-C53ABDF6DC9C}.Release|x86.Build.0 = Release|Any CPU
	EndGlobalSection
	GlobalSection(SolutionProperties) = preSolution
		HideSolutionNode = FALSE
	EndGlobalSection
EndGlobal
